// !$*UTF8*$!
{
	archiveVersion = 1;
	classes = {
	};
	objectVersion = 55;
	objects = {

/* Begin PBXBuildFile section */
		C440CABA28403DCB00577720 /* AppDelegate.swift in Sources */ = {isa = PBXBuildFile; fileRef = C440CAB928403DCB00577720 /* AppDelegate.swift */; };
		C440CABC28403DCB00577720 /* SceneDelegate.swift in Sources */ = {isa = PBXBuildFile; fileRef = C440CABB28403DCB00577720 /* SceneDelegate.swift */; };
		C440CABE28403DCB00577720 /* ViewController.swift in Sources */ = {isa = PBXBuildFile; fileRef = C440CABD28403DCB00577720 /* ViewController.swift */; };
		C440CAC128403DCB00577720 /* Main.storyboard in Resources */ = {isa = PBXBuildFile; fileRef = C440CABF28403DCB00577720 /* Main.storyboard */; };
		C440CAC328403DCF00577720 /* Assets.xcassets in Resources */ = {isa = PBXBuildFile; fileRef = C440CAC228403DCF00577720 /* Assets.xcassets */; };
		C440CAC628403DCF00577720 /* LaunchScreen.storyboard in Resources */ = {isa = PBXBuildFile; fileRef = C440CAC428403DCF00577720 /* LaunchScreen.storyboard */; };
		C440CAD128403DCF00577720 /* YGOReviewTests.swift in Sources */ = {isa = PBXBuildFile; fileRef = C440CAD028403DCF00577720 /* YGOReviewTests.swift */; };
		C440CADB28403DCF00577720 /* YGOReviewUITests.swift in Sources */ = {isa = PBXBuildFile; fileRef = C440CADA28403DCF00577720 /* YGOReviewUITests.swift */; };
		C440CADD28403DCF00577720 /* YGOReviewUITestsLaunchTests.swift in Sources */ = {isa = PBXBuildFile; fileRef = C440CADC28403DCF00577720 /* YGOReviewUITestsLaunchTests.swift */; };
		C4824F80284BEDE100481E46 /* Review.swift in Sources */ = {isa = PBXBuildFile; fileRef = C4824F7F284BEDE000481E46 /* Review.swift */; };
		C4824F82284BEE0F00481E46 /* CardVC.swift in Sources */ = {isa = PBXBuildFile; fileRef = C4824F81284BEE0F00481E46 /* CardVC.swift */; };
		C4824F84284BEED100481E46 /* ReviewVC.swift in Sources */ = {isa = PBXBuildFile; fileRef = C4824F83284BEED100481E46 /* ReviewVC.swift */; };
		C4824F86284C26C900481E46 /* WritingVC.swift in Sources */ = {isa = PBXBuildFile; fileRef = C4824F85284C26C900481E46 /* WritingVC.swift */; };
		DB13008928442F1C008358D8 /* FirebaseAnalytics in Frameworks */ = {isa = PBXBuildFile; productRef = DB13008828442F1C008358D8 /* FirebaseAnalytics */; };
		DB13008B28442F1C008358D8 /* FirebaseAnalyticsOnDeviceConversion in Frameworks */ = {isa = PBXBuildFile; productRef = DB13008A28442F1C008358D8 /* FirebaseAnalyticsOnDeviceConversion */; };
		DB13008D28442F1C008358D8 /* FirebaseAnalyticsSwift in Frameworks */ = {isa = PBXBuildFile; productRef = DB13008C28442F1C008358D8 /* FirebaseAnalyticsSwift */; };
		DB13008F28442F1C008358D8 /* FirebaseAnalyticsWithoutAdIdSupport in Frameworks */ = {isa = PBXBuildFile; productRef = DB13008E28442F1C008358D8 /* FirebaseAnalyticsWithoutAdIdSupport */; };
		DB13009128442F1C008358D8 /* FirebaseAppCheck in Frameworks */ = {isa = PBXBuildFile; productRef = DB13009028442F1C008358D8 /* FirebaseAppCheck */; };
		DB13009328442F1C008358D8 /* FirebaseAppDistribution-Beta in Frameworks */ = {isa = PBXBuildFile; productRef = DB13009228442F1C008358D8 /* FirebaseAppDistribution-Beta */; };
		DB13009528442F1C008358D8 /* FirebaseAuth in Frameworks */ = {isa = PBXBuildFile; productRef = DB13009428442F1C008358D8 /* FirebaseAuth */; };
		DB13009728442F1C008358D8 /* FirebaseAuthCombine-Community in Frameworks */ = {isa = PBXBuildFile; productRef = DB13009628442F1C008358D8 /* FirebaseAuthCombine-Community */; };
		DB13009928442F1C008358D8 /* FirebaseCrashlytics in Frameworks */ = {isa = PBXBuildFile; productRef = DB13009828442F1C008358D8 /* FirebaseCrashlytics */; };
		DB13009B28442F1C008358D8 /* FirebaseDatabase in Frameworks */ = {isa = PBXBuildFile; productRef = DB13009A28442F1C008358D8 /* FirebaseDatabase */; };
		DB13009D28442F1C008358D8 /* FirebaseDatabaseSwift in Frameworks */ = {isa = PBXBuildFile; productRef = DB13009C28442F1C008358D8 /* FirebaseDatabaseSwift */; };
		DB13009F284430C5008358D8 /* GoogleService-Info.plist in Resources */ = {isa = PBXBuildFile; fileRef = DB13009E284430C5008358D8 /* GoogleService-Info.plist */; };
		DB2153C6284455C10008AD5B /* SignedInVC.swift in Sources */ = {isa = PBXBuildFile; fileRef = DB2153C5284455C10008AD5B /* SignedInVC.swift */; };
		DBDBB1AF2847318300B03083 /* DataRepository.swift in Sources */ = {isa = PBXBuildFile; fileRef = DBDBB1AE2847318300B03083 /* DataRepository.swift */; };
/* End PBXBuildFile section */

/* Begin PBXContainerItemProxy section */
		C440CACD28403DCF00577720 /* PBXContainerItemProxy */ = {
			isa = PBXContainerItemProxy;
			containerPortal = C440CAAE28403DCB00577720 /* Project object */;
			proxyType = 1;
			remoteGlobalIDString = C440CAB528403DCB00577720;
			remoteInfo = YGOReview;
		};
		C440CAD728403DCF00577720 /* PBXContainerItemProxy */ = {
			isa = PBXContainerItemProxy;
			containerPortal = C440CAAE28403DCB00577720 /* Project object */;
			proxyType = 1;
			remoteGlobalIDString = C440CAB528403DCB00577720;
			remoteInfo = YGOReview;
		};
/* End PBXContainerItemProxy section */

/* Begin PBXFileReference section */
		C440CAB628403DCB00577720 /* YGOReview.app */ = {isa = PBXFileReference; explicitFileType = wrapper.application; includeInIndex = 0; path = YGOReview.app; sourceTree = BUILT_PRODUCTS_DIR; };
		C440CAB928403DCB00577720 /* AppDelegate.swift */ = {isa = PBXFileReference; lastKnownFileType = sourcecode.swift; path = AppDelegate.swift; sourceTree = "<group>"; };
		C440CABB28403DCB00577720 /* SceneDelegate.swift */ = {isa = PBXFileReference; lastKnownFileType = sourcecode.swift; path = SceneDelegate.swift; sourceTree = "<group>"; };
		C440CABD28403DCB00577720 /* ViewController.swift */ = {isa = PBXFileReference; lastKnownFileType = sourcecode.swift; path = ViewController.swift; sourceTree = "<group>"; };
		C440CAC028403DCB00577720 /* Base */ = {isa = PBXFileReference; lastKnownFileType = file.storyboard; name = Base; path = Base.lproj/Main.storyboard; sourceTree = "<group>"; };
		C440CAC228403DCF00577720 /* Assets.xcassets */ = {isa = PBXFileReference; lastKnownFileType = folder.assetcatalog; path = Assets.xcassets; sourceTree = "<group>"; };
		C440CAC528403DCF00577720 /* Base */ = {isa = PBXFileReference; lastKnownFileType = file.storyboard; name = Base; path = Base.lproj/LaunchScreen.storyboard; sourceTree = "<group>"; };
		C440CAC728403DCF00577720 /* Info.plist */ = {isa = PBXFileReference; lastKnownFileType = text.plist.xml; path = Info.plist; sourceTree = "<group>"; };
		C440CACC28403DCF00577720 /* YGOReviewTests.xctest */ = {isa = PBXFileReference; explicitFileType = wrapper.cfbundle; includeInIndex = 0; path = YGOReviewTests.xctest; sourceTree = BUILT_PRODUCTS_DIR; };
		C440CAD028403DCF00577720 /* YGOReviewTests.swift */ = {isa = PBXFileReference; lastKnownFileType = sourcecode.swift; path = YGOReviewTests.swift; sourceTree = "<group>"; };
		C440CAD628403DCF00577720 /* YGOReviewUITests.xctest */ = {isa = PBXFileReference; explicitFileType = wrapper.cfbundle; includeInIndex = 0; path = YGOReviewUITests.xctest; sourceTree = BUILT_PRODUCTS_DIR; };
		C440CADA28403DCF00577720 /* YGOReviewUITests.swift */ = {isa = PBXFileReference; lastKnownFileType = sourcecode.swift; path = YGOReviewUITests.swift; sourceTree = "<group>"; };
		C440CADC28403DCF00577720 /* YGOReviewUITestsLaunchTests.swift */ = {isa = PBXFileReference; lastKnownFileType = sourcecode.swift; path = YGOReviewUITestsLaunchTests.swift; sourceTree = "<group>"; };
		C4824F7F284BEDE000481E46 /* Review.swift */ = {isa = PBXFileReference; lastKnownFileType = sourcecode.swift; path = Review.swift; sourceTree = "<group>"; };
		C4824F81284BEE0F00481E46 /* CardVC.swift */ = {isa = PBXFileReference; lastKnownFileType = sourcecode.swift; path = CardVC.swift; sourceTree = "<group>"; };
		C4824F83284BEED100481E46 /* ReviewVC.swift */ = {isa = PBXFileReference; lastKnownFileType = sourcecode.swift; path = ReviewVC.swift; sourceTree = "<group>"; };
		C4824F85284C26C900481E46 /* WritingVC.swift */ = {isa = PBXFileReference; lastKnownFileType = sourcecode.swift; path = WritingVC.swift; sourceTree = "<group>"; };
		DB13009E284430C5008358D8 /* GoogleService-Info.plist */ = {isa = PBXFileReference; lastKnownFileType = text.plist; name = "GoogleService-Info.plist"; path = "YGOReviewUITests/GoogleService-Info.plist"; sourceTree = SOURCE_ROOT; };
		DB2153C5284455C10008AD5B /* SignedInVC.swift */ = {isa = PBXFileReference; lastKnownFileType = sourcecode.swift; path = SignedInVC.swift; sourceTree = "<group>"; };
		DBDBB1AE2847318300B03083 /* DataRepository.swift */ = {isa = PBXFileReference; lastKnownFileType = sourcecode.swift; path = DataRepository.swift; sourceTree = "<group>"; };
/* End PBXFileReference section */

/* Begin PBXFrameworksBuildPhase section */
		C440CAB328403DCB00577720 /* Frameworks */ = {
			isa = PBXFrameworksBuildPhase;
			buildActionMask = 2147483647;
			files = (
				DB13009B28442F1C008358D8 /* FirebaseDatabase in Frameworks */,
				DB13008D28442F1C008358D8 /* FirebaseAnalyticsSwift in Frameworks */,
				DB13008928442F1C008358D8 /* FirebaseAnalytics in Frameworks */,
				DB13008B28442F1C008358D8 /* FirebaseAnalyticsOnDeviceConversion in Frameworks */,
				DB13009128442F1C008358D8 /* FirebaseAppCheck in Frameworks */,
				DB13008F28442F1C008358D8 /* FirebaseAnalyticsWithoutAdIdSupport in Frameworks */,
				DB13009528442F1C008358D8 /* FirebaseAuth in Frameworks */,
				DB13009928442F1C008358D8 /* FirebaseCrashlytics in Frameworks */,
				DB13009D28442F1C008358D8 /* FirebaseDatabaseSwift in Frameworks */,
				DB13009328442F1C008358D8 /* FirebaseAppDistribution-Beta in Frameworks */,
				DB13009728442F1C008358D8 /* FirebaseAuthCombine-Community in Frameworks */,
			);
			runOnlyForDeploymentPostprocessing = 0;
		};
		C440CAC928403DCF00577720 /* Frameworks */ = {
			isa = PBXFrameworksBuildPhase;
			buildActionMask = 2147483647;
			files = (
			);
			runOnlyForDeploymentPostprocessing = 0;
		};
		C440CAD328403DCF00577720 /* Frameworks */ = {
			isa = PBXFrameworksBuildPhase;
			buildActionMask = 2147483647;
			files = (
			);
			runOnlyForDeploymentPostprocessing = 0;
		};
/* End PBXFrameworksBuildPhase section */

/* Begin PBXGroup section */
		C440CAAD28403DCB00577720 = {
			isa = PBXGroup;
			children = (
				C440CAB828403DCB00577720 /* YGOReview */,
				C440CACF28403DCF00577720 /* YGOReviewTests */,
				C440CAD928403DCF00577720 /* YGOReviewUITests */,
				C440CAB728403DCB00577720 /* Products */,
			);
			sourceTree = "<group>";
		};
		C440CAB728403DCB00577720 /* Products */ = {
			isa = PBXGroup;
			children = (
				C440CAB628403DCB00577720 /* YGOReview.app */,
				C440CACC28403DCF00577720 /* YGOReviewTests.xctest */,
				C440CAD628403DCF00577720 /* YGOReviewUITests.xctest */,
			);
			name = Products;
			sourceTree = "<group>";
		};
		C440CAB828403DCB00577720 /* YGOReview */ = {
			isa = PBXGroup;
			children = (
				C440CAB928403DCB00577720 /* AppDelegate.swift */,
				C440CABB28403DCB00577720 /* SceneDelegate.swift */,
				C440CABF28403DCB00577720 /* Main.storyboard */,
				C440CABD28403DCB00577720 /* ViewController.swift */,
				DB2153C5284455C10008AD5B /* SignedInVC.swift */,
				C4824F81284BEE0F00481E46 /* CardVC.swift */,
				C4824F83284BEED100481E46 /* ReviewVC.swift */,
				C4824F85284C26C900481E46 /* WritingVC.swift */,
				DBDBB1AE2847318300B03083 /* DataRepository.swift */,
				C4824F7F284BEDE000481E46 /* Review.swift */,
				C440CAC228403DCF00577720 /* Assets.xcassets */,
				C440CAC428403DCF00577720 /* LaunchScreen.storyboard */,
				DB13009E284430C5008358D8 /* GoogleService-Info.plist */,
				C440CAC728403DCF00577720 /* Info.plist */,
			);
			path = YGOReview;
			sourceTree = "<group>";
		};
		C440CACF28403DCF00577720 /* YGOReviewTests */ = {
			isa = PBXGroup;
			children = (
				C440CAD028403DCF00577720 /* YGOReviewTests.swift */,
			);
			path = YGOReviewTests;
			sourceTree = "<group>";
		};
		C440CAD928403DCF00577720 /* YGOReviewUITests */ = {
			isa = PBXGroup;
			children = (
				C440CADA28403DCF00577720 /* YGOReviewUITests.swift */,
				C440CADC28403DCF00577720 /* YGOReviewUITestsLaunchTests.swift */,
			);
			path = YGOReviewUITests;
			sourceTree = "<group>";
		};
/* End PBXGroup section */

/* Begin PBXNativeTarget section */
		C440CAB528403DCB00577720 /* YGOReview */ = {
			isa = PBXNativeTarget;
			buildConfigurationList = C440CAE028403DCF00577720 /* Build configuration list for PBXNativeTarget "YGOReview" */;
			buildPhases = (
				C440CAB228403DCB00577720 /* Sources */,
				C440CAB328403DCB00577720 /* Frameworks */,
				C440CAB428403DCB00577720 /* Resources */,
			);
			buildRules = (
			);
			dependencies = (
			);
			name = YGOReview;
			packageProductDependencies = (
				DB13008828442F1C008358D8 /* FirebaseAnalytics */,
				DB13008A28442F1C008358D8 /* FirebaseAnalyticsOnDeviceConversion */,
				DB13008C28442F1C008358D8 /* FirebaseAnalyticsSwift */,
				DB13008E28442F1C008358D8 /* FirebaseAnalyticsWithoutAdIdSupport */,
				DB13009028442F1C008358D8 /* FirebaseAppCheck */,
				DB13009228442F1C008358D8 /* FirebaseAppDistribution-Beta */,
				DB13009428442F1C008358D8 /* FirebaseAuth */,
				DB13009628442F1C008358D8 /* FirebaseAuthCombine-Community */,
				DB13009828442F1C008358D8 /* FirebaseCrashlytics */,
				DB13009A28442F1C008358D8 /* FirebaseDatabase */,
				DB13009C28442F1C008358D8 /* FirebaseDatabaseSwift */,
			);
			productName = YGOReview;
			productReference = C440CAB628403DCB00577720 /* YGOReview.app */;
			productType = "com.apple.product-type.application";
		};
		C440CACB28403DCF00577720 /* YGOReviewTests */ = {
			isa = PBXNativeTarget;
			buildConfigurationList = C440CAE328403DCF00577720 /* Build configuration list for PBXNativeTarget "YGOReviewTests" */;
			buildPhases = (
				C440CAC828403DCF00577720 /* Sources */,
				C440CAC928403DCF00577720 /* Frameworks */,
				C440CACA28403DCF00577720 /* Resources */,
			);
			buildRules = (
			);
			dependencies = (
				C440CACE28403DCF00577720 /* PBXTargetDependency */,
			);
			name = YGOReviewTests;
			productName = YGOReviewTests;
			productReference = C440CACC28403DCF00577720 /* YGOReviewTests.xctest */;
			productType = "com.apple.product-type.bundle.unit-test";
		};
		C440CAD528403DCF00577720 /* YGOReviewUITests */ = {
			isa = PBXNativeTarget;
			buildConfigurationList = C440CAE628403DCF00577720 /* Build configuration list for PBXNativeTarget "YGOReviewUITests" */;
			buildPhases = (
				C440CAD228403DCF00577720 /* Sources */,
				C440CAD328403DCF00577720 /* Frameworks */,
				C440CAD428403DCF00577720 /* Resources */,
			);
			buildRules = (
			);
			dependencies = (
				C440CAD828403DCF00577720 /* PBXTargetDependency */,
			);
			name = YGOReviewUITests;
			productName = YGOReviewUITests;
			productReference = C440CAD628403DCF00577720 /* YGOReviewUITests.xctest */;
			productType = "com.apple.product-type.bundle.ui-testing";
		};
/* End PBXNativeTarget section */

/* Begin PBXProject section */
		C440CAAE28403DCB00577720 /* Project object */ = {
			isa = PBXProject;
			attributes = {
				BuildIndependentTargetsInParallel = 1;
				LastSwiftUpdateCheck = 1340;
				LastUpgradeCheck = 1340;
				TargetAttributes = {
					C440CAB528403DCB00577720 = {
						CreatedOnToolsVersion = 13.4;
					};
					C440CACB28403DCF00577720 = {
						CreatedOnToolsVersion = 13.4;
						TestTargetID = C440CAB528403DCB00577720;
					};
					C440CAD528403DCF00577720 = {
						CreatedOnToolsVersion = 13.4;
						TestTargetID = C440CAB528403DCB00577720;
					};
				};
			};
			buildConfigurationList = C440CAB128403DCB00577720 /* Build configuration list for PBXProject "YGOReview" */;
			compatibilityVersion = "Xcode 13.0";
			developmentRegion = en;
			hasScannedForEncodings = 0;
			knownRegions = (
				en,
				Base,
			);
			mainGroup = C440CAAD28403DCB00577720;
			packageReferences = (
				DB13008728442F1C008358D8 /* XCRemoteSwiftPackageReference "firebase-ios-sdk" */,
			);
			productRefGroup = C440CAB728403DCB00577720 /* Products */;
			projectDirPath = "";
			projectRoot = "";
			targets = (
				C440CAB528403DCB00577720 /* YGOReview */,
				C440CACB28403DCF00577720 /* YGOReviewTests */,
				C440CAD528403DCF00577720 /* YGOReviewUITests */,
			);
		};
/* End PBXProject section */

/* Begin PBXResourcesBuildPhase section */
		C440CAB428403DCB00577720 /* Resources */ = {
			isa = PBXResourcesBuildPhase;
			buildActionMask = 2147483647;
			files = (
				C440CAC628403DCF00577720 /* LaunchScreen.storyboard in Resources */,
				DB13009F284430C5008358D8 /* GoogleService-Info.plist in Resources */,
				C440CAC328403DCF00577720 /* Assets.xcassets in Resources */,
				C440CAC128403DCB00577720 /* Main.storyboard in Resources */,
			);
			runOnlyForDeploymentPostprocessing = 0;
		};
		C440CACA28403DCF00577720 /* Resources */ = {
			isa = PBXResourcesBuildPhase;
			buildActionMask = 2147483647;
			files = (
			);
			runOnlyForDeploymentPostprocessing = 0;
		};
		C440CAD428403DCF00577720 /* Resources */ = {
			isa = PBXResourcesBuildPhase;
			buildActionMask = 2147483647;
			files = (
			);
			runOnlyForDeploymentPostprocessing = 0;
		};
/* End PBXResourcesBuildPhase section */

/* Begin PBXSourcesBuildPhase section */
		C440CAB228403DCB00577720 /* Sources */ = {
			isa = PBXSourcesBuildPhase;
			buildActionMask = 2147483647;
			files = (
				DB2153C6284455C10008AD5B /* SignedInVC.swift in Sources */,
				C440CABE28403DCB00577720 /* ViewController.swift in Sources */,
				C440CABA28403DCB00577720 /* AppDelegate.swift in Sources */,
				C440CABC28403DCB00577720 /* SceneDelegate.swift in Sources */,
				C4824F84284BEED100481E46 /* ReviewVC.swift in Sources */,
				C4824F82284BEE0F00481E46 /* CardVC.swift in Sources */,
				C4824F86284C26C900481E46 /* WritingVC.swift in Sources */,
				DBDBB1AF2847318300B03083 /* DataRepository.swift in Sources */,
				C4824F80284BEDE100481E46 /* Review.swift in Sources */,
			);
			runOnlyForDeploymentPostprocessing = 0;
		};
		C440CAC828403DCF00577720 /* Sources */ = {
			isa = PBXSourcesBuildPhase;
			buildActionMask = 2147483647;
			files = (
				C440CAD128403DCF00577720 /* YGOReviewTests.swift in Sources */,
			);
			runOnlyForDeploymentPostprocessing = 0;
		};
		C440CAD228403DCF00577720 /* Sources */ = {
			isa = PBXSourcesBuildPhase;
			buildActionMask = 2147483647;
			files = (
				C440CADD28403DCF00577720 /* YGOReviewUITestsLaunchTests.swift in Sources */,
				C440CADB28403DCF00577720 /* YGOReviewUITests.swift in Sources */,
			);
			runOnlyForDeploymentPostprocessing = 0;
		};
/* End PBXSourcesBuildPhase section */

/* Begin PBXTargetDependency section */
		C440CACE28403DCF00577720 /* PBXTargetDependency */ = {
			isa = PBXTargetDependency;
			target = C440CAB528403DCB00577720 /* YGOReview */;
			targetProxy = C440CACD28403DCF00577720 /* PBXContainerItemProxy */;
		};
		C440CAD828403DCF00577720 /* PBXTargetDependency */ = {
			isa = PBXTargetDependency;
			target = C440CAB528403DCB00577720 /* YGOReview */;
			targetProxy = C440CAD728403DCF00577720 /* PBXContainerItemProxy */;
		};
/* End PBXTargetDependency section */

/* Begin PBXVariantGroup section */
		C440CABF28403DCB00577720 /* Main.storyboard */ = {
			isa = PBXVariantGroup;
			children = (
				C440CAC028403DCB00577720 /* Base */,
			);
			name = Main.storyboard;
			sourceTree = "<group>";
		};
		C440CAC428403DCF00577720 /* LaunchScreen.storyboard */ = {
			isa = PBXVariantGroup;
			children = (
				C440CAC528403DCF00577720 /* Base */,
			);
			name = LaunchScreen.storyboard;
			sourceTree = "<group>";
		};
/* End PBXVariantGroup section */

/* Begin XCBuildConfiguration section */
		C440CADE28403DCF00577720 /* Debug */ = {
			isa = XCBuildConfiguration;
			buildSettings = {
				ALWAYS_SEARCH_USER_PATHS = NO;
				CLANG_ANALYZER_NONNULL = YES;
				CLANG_ANALYZER_NUMBER_OBJECT_CONVERSION = YES_AGGRESSIVE;
				CLANG_CXX_LANGUAGE_STANDARD = "gnu++17";
				CLANG_ENABLE_MODULES = YES;
				CLANG_ENABLE_OBJC_ARC = YES;
				CLANG_ENABLE_OBJC_WEAK = YES;
				CLANG_WARN_BLOCK_CAPTURE_AUTORELEASING = YES;
				CLANG_WARN_BOOL_CONVERSION = YES;
				CLANG_WARN_COMMA = YES;
				CLANG_WARN_CONSTANT_CONVERSION = YES;
				CLANG_WARN_DEPRECATED_OBJC_IMPLEMENTATIONS = YES;
				CLANG_WARN_DIRECT_OBJC_ISA_USAGE = YES_ERROR;
				CLANG_WARN_DOCUMENTATION_COMMENTS = YES;
				CLANG_WARN_EMPTY_BODY = YES;
				CLANG_WARN_ENUM_CONVERSION = YES;
				CLANG_WARN_INFINITE_RECURSION = YES;
				CLANG_WARN_INT_CONVERSION = YES;
				CLANG_WARN_NON_LITERAL_NULL_CONVERSION = YES;
				CLANG_WARN_OBJC_IMPLICIT_RETAIN_SELF = YES;
				CLANG_WARN_OBJC_LITERAL_CONVERSION = YES;
				CLANG_WARN_OBJC_ROOT_CLASS = YES_ERROR;
				CLANG_WARN_QUOTED_INCLUDE_IN_FRAMEWORK_HEADER = YES;
				CLANG_WARN_RANGE_LOOP_ANALYSIS = YES;
				CLANG_WARN_STRICT_PROTOTYPES = YES;
				CLANG_WARN_SUSPICIOUS_MOVE = YES;
				CLANG_WARN_UNGUARDED_AVAILABILITY = YES_AGGRESSIVE;
				CLANG_WARN_UNREACHABLE_CODE = YES;
				CLANG_WARN__DUPLICATE_METHOD_MATCH = YES;
				COPY_PHASE_STRIP = NO;
				DEBUG_INFORMATION_FORMAT = dwarf;
				ENABLE_STRICT_OBJC_MSGSEND = YES;
				ENABLE_TESTABILITY = YES;
				GCC_C_LANGUAGE_STANDARD = gnu11;
				GCC_DYNAMIC_NO_PIC = NO;
				GCC_NO_COMMON_BLOCKS = YES;
				GCC_OPTIMIZATION_LEVEL = 0;
				GCC_PREPROCESSOR_DEFINITIONS = (
					"DEBUG=1",
					"$(inherited)",
				);
				GCC_WARN_64_TO_32_BIT_CONVERSION = YES;
				GCC_WARN_ABOUT_RETURN_TYPE = YES_ERROR;
				GCC_WARN_UNDECLARED_SELECTOR = YES;
				GCC_WARN_UNINITIALIZED_AUTOS = YES_AGGRESSIVE;
				GCC_WARN_UNUSED_FUNCTION = YES;
				GCC_WARN_UNUSED_VARIABLE = YES;
				IPHONEOS_DEPLOYMENT_TARGET = 15.4;
				MTL_ENABLE_DEBUG_INFO = INCLUDE_SOURCE;
				MTL_FAST_MATH = YES;
				ONLY_ACTIVE_ARCH = YES;
				SDKROOT = iphoneos;
				SWIFT_ACTIVE_COMPILATION_CONDITIONS = DEBUG;
				SWIFT_OPTIMIZATION_LEVEL = "-Onone";
			};
			name = Debug;
		};
		C440CADF28403DCF00577720 /* Release */ = {
			isa = XCBuildConfiguration;
			buildSettings = {
				ALWAYS_SEARCH_USER_PATHS = NO;
				CLANG_ANALYZER_NONNULL = YES;
				CLANG_ANALYZER_NUMBER_OBJECT_CONVERSION = YES_AGGRESSIVE;
				CLANG_CXX_LANGUAGE_STANDARD = "gnu++17";
				CLANG_ENABLE_MODULES = YES;
				CLANG_ENABLE_OBJC_ARC = YES;
				CLANG_ENABLE_OBJC_WEAK = YES;
				CLANG_WARN_BLOCK_CAPTURE_AUTORELEASING = YES;
				CLANG_WARN_BOOL_CONVERSION = YES;
				CLANG_WARN_COMMA = YES;
				CLANG_WARN_CONSTANT_CONVERSION = YES;
				CLANG_WARN_DEPRECATED_OBJC_IMPLEMENTATIONS = YES;
				CLANG_WARN_DIRECT_OBJC_ISA_USAGE = YES_ERROR;
				CLANG_WARN_DOCUMENTATION_COMMENTS = YES;
				CLANG_WARN_EMPTY_BODY = YES;
				CLANG_WARN_ENUM_CONVERSION = YES;
				CLANG_WARN_INFINITE_RECURSION = YES;
				CLANG_WARN_INT_CONVERSION = YES;
				CLANG_WARN_NON_LITERAL_NULL_CONVERSION = YES;
				CLANG_WARN_OBJC_IMPLICIT_RETAIN_SELF = YES;
				CLANG_WARN_OBJC_LITERAL_CONVERSION = YES;
				CLANG_WARN_OBJC_ROOT_CLASS = YES_ERROR;
				CLANG_WARN_QUOTED_INCLUDE_IN_FRAMEWORK_HEADER = YES;
				CLANG_WARN_RANGE_LOOP_ANALYSIS = YES;
				CLANG_WARN_STRICT_PROTOTYPES = YES;
				CLANG_WARN_SUSPICIOUS_MOVE = YES;
				CLANG_WARN_UNGUARDED_AVAILABILITY = YES_AGGRESSIVE;
				CLANG_WARN_UNREACHABLE_CODE = YES;
				CLANG_WARN__DUPLICATE_METHOD_MATCH = YES;
				COPY_PHASE_STRIP = NO;
				DEBUG_INFORMATION_FORMAT = "dwarf-with-dsym";
				ENABLE_NS_ASSERTIONS = NO;
				ENABLE_STRICT_OBJC_MSGSEND = YES;
				GCC_C_LANGUAGE_STANDARD = gnu11;
				GCC_NO_COMMON_BLOCKS = YES;
				GCC_WARN_64_TO_32_BIT_CONVERSION = YES;
				GCC_WARN_ABOUT_RETURN_TYPE = YES_ERROR;
				GCC_WARN_UNDECLARED_SELECTOR = YES;
				GCC_WARN_UNINITIALIZED_AUTOS = YES_AGGRESSIVE;
				GCC_WARN_UNUSED_FUNCTION = YES;
				GCC_WARN_UNUSED_VARIABLE = YES;
				IPHONEOS_DEPLOYMENT_TARGET = 15.4;
				MTL_ENABLE_DEBUG_INFO = NO;
				MTL_FAST_MATH = YES;
				SDKROOT = iphoneos;
				SWIFT_COMPILATION_MODE = wholemodule;
				SWIFT_OPTIMIZATION_LEVEL = "-O";
				VALIDATE_PRODUCT = YES;
			};
			name = Release;
		};
		C440CAE128403DCF00577720 /* Debug */ = {
			isa = XCBuildConfiguration;
			buildSettings = {
				ASSETCATALOG_COMPILER_APPICON_NAME = AppIcon;
				ASSETCATALOG_COMPILER_GLOBAL_ACCENT_COLOR_NAME = AccentColor;
				CODE_SIGN_STYLE = Automatic;
				CURRENT_PROJECT_VERSION = 1;
				DEVELOPMENT_TEAM = 7XV777MNWD;
				GENERATE_INFOPLIST_FILE = YES;
				INFOPLIST_FILE = YGOReview/Info.plist;
				INFOPLIST_KEY_UIApplicationSupportsIndirectInputEvents = YES;
				INFOPLIST_KEY_UILaunchStoryboardName = LaunchScreen;
				INFOPLIST_KEY_UIMainStoryboardFile = Main;
				INFOPLIST_KEY_UISupportedInterfaceOrientations = "";
				INFOPLIST_KEY_UISupportedInterfaceOrientations_iPad = "UIInterfaceOrientationPortrait UIInterfaceOrientationPortraitUpsideDown UIInterfaceOrientationLandscapeLeft UIInterfaceOrientationLandscapeRight";
				INFOPLIST_KEY_UISupportedInterfaceOrientations_iPhone = "UIInterfaceOrientationPortrait UIInterfaceOrientationLandscapeLeft UIInterfaceOrientationLandscapeRight";
				LD_RUNPATH_SEARCH_PATHS = (
					"$(inherited)",
					"@executable_path/Frameworks",
				);
				MARKETING_VERSION = 1.0;
				PRODUCT_BUNDLE_IDENTIFIER = com.mkaryadi.YGOReview;
				PRODUCT_NAME = "$(TARGET_NAME)";
				SWIFT_EMIT_LOC_STRINGS = YES;
				SWIFT_VERSION = 5.0;
				TARGETED_DEVICE_FAMILY = "1,2";
			};
			name = Debug;
		};
		C440CAE228403DCF00577720 /* Release */ = {
			isa = XCBuildConfiguration;
			buildSettings = {
				ASSETCATALOG_COMPILER_APPICON_NAME = AppIcon;
				ASSETCATALOG_COMPILER_GLOBAL_ACCENT_COLOR_NAME = AccentColor;
				CODE_SIGN_STYLE = Automatic;
				CURRENT_PROJECT_VERSION = 1;
				DEVELOPMENT_TEAM = 7XV777MNWD;
				GENERATE_INFOPLIST_FILE = YES;
				INFOPLIST_FILE = YGOReview/Info.plist;
				INFOPLIST_KEY_UIApplicationSupportsIndirectInputEvents = YES;
				INFOPLIST_KEY_UILaunchStoryboardName = LaunchScreen;
				INFOPLIST_KEY_UIMainStoryboardFile = Main;
				INFOPLIST_KEY_UISupportedInterfaceOrientations = "";
				INFOPLIST_KEY_UISupportedInterfaceOrientations_iPad = "UIInterfaceOrientationPortrait UIInterfaceOrientationPortraitUpsideDown UIInterfaceOrientationLandscapeLeft UIInterfaceOrientationLandscapeRight";
				INFOPLIST_KEY_UISupportedInterfaceOrientations_iPhone = "UIInterfaceOrientationPortrait UIInterfaceOrientationLandscapeLeft UIInterfaceOrientationLandscapeRight";
				LD_RUNPATH_SEARCH_PATHS = (
					"$(inherited)",
					"@executable_path/Frameworks",
				);
				MARKETING_VERSION = 1.0;
				PRODUCT_BUNDLE_IDENTIFIER = com.mkaryadi.YGOReview;
				PRODUCT_NAME = "$(TARGET_NAME)";
				SWIFT_EMIT_LOC_STRINGS = YES;
				SWIFT_VERSION = 5.0;
				TARGETED_DEVICE_FAMILY = "1,2";
			};
			name = Release;
		};
		C440CAE428403DCF00577720 /* Debug */ = {
			isa = XCBuildConfiguration;
			buildSettings = {
				ALWAYS_EMBED_SWIFT_STANDARD_LIBRARIES = YES;
				BUNDLE_LOADER = "$(TEST_HOST)";
				CODE_SIGN_STYLE = Automatic;
				CURRENT_PROJECT_VERSION = 1;
				DEVELOPMENT_TEAM = 7XV777MNWD;
				GENERATE_INFOPLIST_FILE = YES;
				IPHONEOS_DEPLOYMENT_TARGET = 15.5;
				MARKETING_VERSION = 1.0;
				PRODUCT_BUNDLE_IDENTIFIER = com.mkaryadi.YGOReviewTests;
				PRODUCT_NAME = "$(TARGET_NAME)";
				SWIFT_EMIT_LOC_STRINGS = NO;
				SWIFT_VERSION = 5.0;
				TARGETED_DEVICE_FAMILY = "1,2";
				TEST_HOST = "$(BUILT_PRODUCTS_DIR)/YGOReview.app/YGOReview";
			};
			name = Debug;
		};
		C440CAE528403DCF00577720 /* Release */ = {
			isa = XCBuildConfiguration;
			buildSettings = {
				ALWAYS_EMBED_SWIFT_STANDARD_LIBRARIES = YES;
				BUNDLE_LOADER = "$(TEST_HOST)";
				CODE_SIGN_STYLE = Automatic;
				CURRENT_PROJECT_VERSION = 1;
				DEVELOPMENT_TEAM = 7XV777MNWD;
				GENERATE_INFOPLIST_FILE = YES;
				IPHONEOS_DEPLOYMENT_TARGET = 15.5;
				MARKETING_VERSION = 1.0;
				PRODUCT_BUNDLE_IDENTIFIER = com.mkaryadi.YGOReviewTests;
				PRODUCT_NAME = "$(TARGET_NAME)";
				SWIFT_EMIT_LOC_STRINGS = NO;
				SWIFT_VERSION = 5.0;
				TARGETED_DEVICE_FAMILY = "1,2";
				TEST_HOST = "$(BUILT_PRODUCTS_DIR)/YGOReview.app/YGOReview";
			};
			name = Release;
		};
		C440CAE728403DCF00577720 /* Debug */ = {
			isa = XCBuildConfiguration;
			buildSettings = {
				ALWAYS_EMBED_SWIFT_STANDARD_LIBRARIES = YES;
				CODE_SIGN_STYLE = Automatic;
				CURRENT_PROJECT_VERSION = 1;
				DEVELOPMENT_TEAM = 7XV777MNWD;
				GENERATE_INFOPLIST_FILE = YES;
				MARKETING_VERSION = 1.0;
				PRODUCT_BUNDLE_IDENTIFIER = com.mkaryadi.YGOReviewUITests;
				PRODUCT_NAME = "$(TARGET_NAME)";
				SWIFT_EMIT_LOC_STRINGS = NO;
				SWIFT_VERSION = 5.0;
				TARGETED_DEVICE_FAMILY = "1,2";
				TEST_TARGET_NAME = YGOReview;
			};
			name = Debug;
		};
		C440CAE828403DCF00577720 /* Release */ = {
			isa = XCBuildConfiguration;
			buildSettings = {
				ALWAYS_EMBED_SWIFT_STANDARD_LIBRARIES = YES;
				CODE_SIGN_STYLE = Automatic;
				CURRENT_PROJECT_VERSION = 1;
				DEVELOPMENT_TEAM = 7XV777MNWD;
				GENERATE_INFOPLIST_FILE = YES;
				MARKETING_VERSION = 1.0;
				PRODUCT_BUNDLE_IDENTIFIER = com.mkaryadi.YGOReviewUITests;
				PRODUCT_NAME = "$(TARGET_NAME)";
				SWIFT_EMIT_LOC_STRINGS = NO;
				SWIFT_VERSION = 5.0;
				TARGETED_DEVICE_FAMILY = "1,2";
				TEST_TARGET_NAME = YGOReview;
			};
			name = Release;
		};
/* End XCBuildConfiguration section */

/* Begin XCConfigurationList section */
		C440CAB128403DCB00577720 /* Build configuration list for PBXProject "YGOReview" */ = {
			isa = XCConfigurationList;
			buildConfigurations = (
				C440CADE28403DCF00577720 /* Debug */,
				C440CADF28403DCF00577720 /* Release */,
			);
			defaultConfigurationIsVisible = 0;
			defaultConfigurationName = Release;
		};
		C440CAE028403DCF00577720 /* Build configuration list for PBXNativeTarget "YGOReview" */ = {
			isa = XCConfigurationList;
			buildConfigurations = (
				C440CAE128403DCF00577720 /* Debug */,
				C440CAE228403DCF00577720 /* Release */,
			);
			defaultConfigurationIsVisible = 0;
			defaultConfigurationName = Release;
		};
		C440CAE328403DCF00577720 /* Build configuration list for PBXNativeTarget "YGOReviewTests" */ = {
			isa = XCConfigurationList;
			buildConfigurations = (
				C440CAE428403DCF00577720 /* Debug */,
				C440CAE528403DCF00577720 /* Release */,
			);
			defaultConfigurationIsVisible = 0;
			defaultConfigurationName = Release;
		};
		C440CAE628403DCF00577720 /* Build configuration list for PBXNativeTarget "YGOReviewUITests" */ = {
			isa = XCConfigurationList;
			buildConfigurations = (
				C440CAE728403DCF00577720 /* Debug */,
				C440CAE828403DCF00577720 /* Release */,
			);
			defaultConfigurationIsVisible = 0;
			defaultConfigurationName = Release;
		};
/* End XCConfigurationList section */

/* Begin XCRemoteSwiftPackageReference section */
		DB13008728442F1C008358D8 /* XCRemoteSwiftPackageReference "firebase-ios-sdk" */ = {
			isa = XCRemoteSwiftPackageReference;
			repositoryURL = "https://github.com/firebase/firebase-ios-sdk";
			requirement = {
				kind = upToNextMajorVersion;
				minimumVersion = 9.0.0;
			};
		};
/* End XCRemoteSwiftPackageReference section */

/* Begin XCSwiftPackageProductDependency section */
		DB13008828442F1C008358D8 /* FirebaseAnalytics */ = {
			isa = XCSwiftPackageProductDependency;
			package = DB13008728442F1C008358D8 /* XCRemoteSwiftPackageReference "firebase-ios-sdk" */;
			productName = FirebaseAnalytics;
		};
		DB13008A28442F1C008358D8 /* FirebaseAnalyticsOnDeviceConversion */ = {
			isa = XCSwiftPackageProductDependency;
			package = DB13008728442F1C008358D8 /* XCRemoteSwiftPackageReference "firebase-ios-sdk" */;
			productName = FirebaseAnalyticsOnDeviceConversion;
		};
		DB13008C28442F1C008358D8 /* FirebaseAnalyticsSwift */ = {
			isa = XCSwiftPackageProductDependency;
			package = DB13008728442F1C008358D8 /* XCRemoteSwiftPackageReference "firebase-ios-sdk" */;
			productName = FirebaseAnalyticsSwift;
		};
		DB13008E28442F1C008358D8 /* FirebaseAnalyticsWithoutAdIdSupport */ = {
			isa = XCSwiftPackageProductDependency;
			package = DB13008728442F1C008358D8 /* XCRemoteSwiftPackageReference "firebase-ios-sdk" */;
			productName = FirebaseAnalyticsWithoutAdIdSupport;
		};
		DB13009028442F1C008358D8 /* FirebaseAppCheck */ = {
			isa = XCSwiftPackageProductDependency;
			package = DB13008728442F1C008358D8 /* XCRemoteSwiftPackageReference "firebase-ios-sdk" */;
			productName = FirebaseAppCheck;
		};
		DB13009228442F1C008358D8 /* FirebaseAppDistribution-Beta */ = {
			isa = XCSwiftPackageProductDependency;
			package = DB13008728442F1C008358D8 /* XCRemoteSwiftPackageReference "firebase-ios-sdk" */;
			productName = "FirebaseAppDistribution-Beta";
		};
		DB13009428442F1C008358D8 /* FirebaseAuth */ = {
			isa = XCSwiftPackageProductDependency;
			package = DB13008728442F1C008358D8 /* XCRemoteSwiftPackageReference "firebase-ios-sdk" */;
			productName = FirebaseAuth;
		};
		DB13009628442F1C008358D8 /* FirebaseAuthCombine-Community */ = {
			isa = XCSwiftPackageProductDependency;
			package = DB13008728442F1C008358D8 /* XCRemoteSwiftPackageReference "firebase-ios-sdk" */;
			productName = "FirebaseAuthCombine-Community";
		};
		DB13009828442F1C008358D8 /* FirebaseCrashlytics */ = {
			isa = XCSwiftPackageProductDependency;
			package = DB13008728442F1C008358D8 /* XCRemoteSwiftPackageReference "firebase-ios-sdk" */;
			productName = FirebaseCrashlytics;
		};
		DB13009A28442F1C008358D8 /* FirebaseDatabase */ = {
			isa = XCSwiftPackageProductDependency;
			package = DB13008728442F1C008358D8 /* XCRemoteSwiftPackageReference "firebase-ios-sdk" */;
			productName = FirebaseDatabase;
		};
		DB13009C28442F1C008358D8 /* FirebaseDatabaseSwift */ = {
			isa = XCSwiftPackageProductDependency;
			package = DB13008728442F1C008358D8 /* XCRemoteSwiftPackageReference "firebase-ios-sdk" */;
			productName = FirebaseDatabaseSwift;
		};
/* End XCSwiftPackageProductDependency section */
	};
	rootObject = C440CAAE28403DCB00577720 /* Project object */;
}
